
Microsoft Visual Studio Solution File, Format Version 12.00
# Visual Studio 2013
VisualStudioVersion = 12.0.40629.0
MinimumVisualStudioVersion = 10.0.40219.1
Project("{FAE04EC0-301F-11D3-BF4B-00C04F79EFBC}") = "G2KM", "G2KM\G2KM.csproj", "{A203E71D-B054-4D9A-8D7C-1D0568AB6EE6}"
EndProject
Project("{FAE04EC0-301F-11D3-BF4B-00C04F79EFBC}") = "RawInput", "RawInput\RawInput.csproj", "{AE1E7CB2-D3C2-4D61-8131-82F18E2561FF}"
EndProject
Global
	GlobalSection(SolutionConfigurationPlatforms) = preSolution
		Debug|Any CPU = Debug|Any CPU
		Release|Any CPU = Release|Any CPU
	EndGlobalSection
	GlobalSection(ProjectConfigurationPlatforms) = postSolution
		{A203E71D-B054-4D9A-8D7C-1D0568AB6EE6}.Debug|Any CPU.ActiveCfg = Debug|Any CPU
		{A203E71D-B054-4D9A-8D7C-1D0568AB6EE6}.Debug|Any CPU.Build.0 = Debug|Any CPU
		{A203E71D-B054-4D9A-8D7C-1D0568AB6EE6}.Release|Any CPU.ActiveCfg = Release|Any CPU
		{A203E71D-B054-4D9A-8D7C-1D0568AB6EE6}.Release|Any CPU.Build.0 = Release|Any CPU
		{AE1E7CB2-D3C2-4D61-8131-82F18E2561FF}.Debug|Any CPU.ActiveCfg = Debug|Any CPU
		{AE1E7CB2-D3C2-4D61-8131-82F18E2561FF}.Debug|Any CPU.Build.0 = Debug|Any CPU
		{AE1E7CB2-D3C2-4D61-8131-82F18E2561FF}.Release|Any CPU.ActiveCfg = Release|Any CPU
		{AE1E7CB2-D3C2-4D61-8131-82F18E2561FF}.Release|Any CPU.Build.0 = Release|Any CPU
	EndGlobalSection
	GlobalSection(SolutionProperties) = preSolution
		HideSolutionNode = FALSE
	EndGlobalSection
EndGlobal
